
Microsoft Visual Studio Solution File, Format Version 12.00
# Visual Studio Version 17
VisualStudioVersion = 17.3.32901.215
MinimumVisualStudioVersion = 10.0.40219.1
Project("{9A19103F-16F7-4668-BE54-9A1E7A4F7556}") = "TE_C_Sharp", "TE_C_Sharp\TE_C_Sharp.csproj", "{8E84BCEF-C7A3-4624-B340-FAE54EA2ED39}"
EndProject
Project("{FAE04EC0-301F-11D3-BF4B-00C04F79EFBC}") = "Internal", "Internal\Internal.csproj", "{16739406-34CF-4399-A455-A12B0568F3F6}"
EndProject
Global
	GlobalSection(SolutionConfigurationPlatforms) = preSolution
		Debug|Any CPU = Debug|Any CPU
		Release|Any CPU = Release|Any CPU
	EndGlobalSection
	GlobalSection(ProjectConfigurationPlatforms) = postSolution
		{8E84BCEF-C7A3-4624-B340-FAE54EA2ED39}.Debug|Any CPU.ActiveCfg = Debug|Any CPU
		{8E84BCEF-C7A3-4624-B340-FAE54EA2ED39}.Debug|Any CPU.Build.0 = Debug|Any CPU
		{8E84BCEF-C7A3-4624-B340-FAE54EA2ED39}.Release|Any CPU.ActiveCfg = Release|Any CPU
		{8E84BCEF-C7A3-4624-B340-FAE54EA2ED39}.Release|Any CPU.Build.0 = Release|Any CPU
		{16739406-34CF-4399-A455-A12B0568F3F6}.Debug|Any CPU.ActiveCfg = Debug|Any CPU
		{16739406-34CF-4399-A455-A12B0568F3F6}.Debug|Any CPU.Build.0 = Debug|Any CPU
		{16739406-34CF-4399-A455-A12B0568F3F6}.Release|Any CPU.ActiveCfg = Release|Any CPU
		{16739406-34CF-4399-A455-A12B0568F3F6}.Release|Any CPU.Build.0 = Release|Any CPU
	EndGlobalSection
	GlobalSection(SolutionProperties) = preSolution
		HideSolutionNode = FALSE
	EndGlobalSection
	GlobalSection(ExtensibilityGlobals) = postSolution
		SolutionGuid = {A7B8251A-BE95-4737-81C6-1A6E2553804B}
	EndGlobalSection
EndGlobal
